{
  "version": 4,
  "terraform_version": "1.4.0",
  "serial": 341,
  "lineage": "ff060f14-1858-f946-ead5-d89af7c8120a",
  "outputs": {
    "dns_name_elb": {
      "value": {
        "attached_target_group": [
          {
            "healthcheck": [
              {
                "healthy_threshold": 2,
                "http_options": [
                  {
                    "path": "/",
                    "port": 80
                  }
                ],
                "interval": 2,
                "name": "http",
                "tcp_options": [],
                "timeout": 1,
                "unhealthy_threshold": 2
              }
            ],
            "target_group_id": "enpoqg0csbcrp0f9cu7h"
          }
        ],
        "created_at": "2023-03-15T10:07:28Z",
        "description": "",
        "folder_id": "b1grr0bjmdb82334mvat",
        "id": "enptplnvea7h4f9eqovb",
        "labels": null,
        "listener": [
          {
            "external_address_spec": [
              {
                "address": "84.201.147.164",
                "ip_version": "ipv4"
              }
            ],
            "internal_address_spec": [],
            "name": "listener-web-servers",
            "port": 80,
            "protocol": "tcp",
            "target_port": 80
          }
        ],
        "name": "test-lb",
        "region_id": "ru-central1",
        "timeouts": null,
        "type": "external"
      },
      "type": [
        "object",
        {
          "attached_target_group": [
            "set",
            [
              "object",
              {
                "healthcheck": [
                  "list",
                  [
                    "object",
                    {
                      "healthy_threshold": "number",
                      "http_options": [
                        "list",
                        [
                          "object",
                          {
                            "path": "string",
                            "port": "number"
                          }
                        ]
                      ],
                      "interval": "number",
                      "name": "string",
                      "tcp_options": [
                        "list",
                        [
                          "object",
                          {
                            "port": "number"
                          }
                        ]
                      ],
                      "timeout": "number",
                      "unhealthy_threshold": "number"
                    }
                  ]
                ],
                "target_group_id": "string"
              }
            ]
          ],
          "created_at": "string",
          "description": "string",
          "folder_id": "string",
          "id": "string",
          "labels": [
            "map",
            "string"
          ],
          "listener": [
            "set",
            [
              "object",
              {
                "external_address_spec": [
                  "set",
                  [
                    "object",
                    {
                      "address": "string",
                      "ip_version": "string"
                    }
                  ]
                ],
                "internal_address_spec": [
                  "set",
                  [
                    "object",
                    {
                      "address": "string",
                      "ip_version": "string",
                      "subnet_id": "string"
                    }
                  ]
                ],
                "name": "string",
                "port": "number",
                "protocol": "string",
                "target_port": "number"
              }
            ]
          ],
          "name": "string",
          "region_id": "string",
          "timeouts": [
            "object",
            {
              "create": "string",
              "delete": "string",
              "update": "string"
            }
          ],
          "type": "string"
        }
      ]
    },
    "external_ip_address": {
      "value": {
        "created_at": "2023-03-15T10:06:53Z",
        "description": "",
        "external_ipv4_address": [
          {
            "address": "158.160.59.82",
            "ddos_protection_provider": "",
            "outgoing_smtp_capability": "",
            "zone_id": "ru-central1-a"
          }
        ],
        "folder_id": "b1grr0bjmdb82334mvat",
        "id": "e9b49e0cltpd1kum9090",
        "labels": {},
        "name": "test_public_ip",
        "reserved": true,
        "timeouts": null,
        "used": false
      },
      "type": [
        "object",
        {
          "created_at": "string",
          "description": "string",
          "external_ipv4_address": [
            "list",
            [
              "object",
              {
                "address": "string",
                "ddos_protection_provider": "string",
                "outgoing_smtp_capability": "string",
                "zone_id": "string"
              }
            ]
          ],
          "folder_id": "string",
          "id": "string",
          "labels": [
            "map",
            "string"
          ],
          "name": "string",
          "reserved": "bool",
          "timeouts": [
            "object",
            {
              "create": "string",
              "delete": "string",
              "update": "string"
            }
          ],
          "used": "bool"
        }
      ]
    },
    "internal_ip_address_of_reactjs": {
      "value": [
        {
          "dns_record": [],
          "index": 0,
          "ip_address": "192.168.10.5",
          "ipv4": true,
          "ipv6": false,
          "ipv6_address": "",
          "ipv6_dns_record": [],
          "mac_address": "d0:0d:11:aa:f8:58",
          "nat": true,
          "nat_dns_record": [],
          "nat_ip_address": "158.160.52.143",
          "nat_ip_version": "IPV4",
          "security_group_ids": [],
          "subnet_id": "e9bap0ssps4qt4ehoi4h"
        }
      ],
      "type": [
        "list",
        [
          "object",
          {
            "dns_record": [
              "list",
              [
                "object",
                {
                  "dns_zone_id": "string",
                  "fqdn": "string",
                  "ptr": "bool",
                  "ttl": "number"
                }
              ]
            ],
            "index": "number",
            "ip_address": "string",
            "ipv4": "bool",
            "ipv6": "bool",
            "ipv6_address": "string",
            "ipv6_dns_record": [
              "list",
              [
                "object",
                {
                  "dns_zone_id": "string",
                  "fqdn": "string",
                  "ptr": "bool",
                  "ttl": "number"
                }
              ]
            ],
            "mac_address": "string",
            "nat": "bool",
            "nat_dns_record": [
              "list",
              [
                "object",
                {
                  "dns_zone_id": "string",
                  "fqdn": "string",
                  "ptr": "bool",
                  "ttl": "number"
                }
              ]
            ],
            "nat_ip_address": "string",
            "nat_ip_version": "string",
            "security_group_ids": [
              "set",
              "string"
            ],
            "subnet_id": "string"
          }
        ]
      ]
    }
  },
  "resources": [
    {
      "mode": "data",
      "type": "yandex_compute_image",
      "name": "my-ubuntu-2004-1",
      "provider": "provider[\"registry.terraform.io/yandex-cloud/yandex\"]",
      "instances": [
        {
          "schema_version": 0,
          "attributes": {
            "created_at": "2023-01-30T10:49:58Z",
            "description": "ubuntu 20.04 lts",
            "family": "ubuntu-2004-lts",
            "folder_id": "standard-images",
            "id": "fd8snjpoq85qqv0mk9gi",
            "image_id": "fd8snjpoq85qqv0mk9gi",
            "labels": {},
            "min_disk_size": 5,
            "name": "ubuntu-20-04-lts-v20230130",
            "os_type": "linux",
            "pooled": true,
            "product_ids": [
              "f2eb05obffng2supgqli"
            ],
            "size": 3,
            "status": "ready"
          },
          "sensitive_attributes": []
        }
      ]
    },
    {
      "mode": "managed",
      "type": "yandex_compute_instance",
      "name": "nginx_server",
      "provider": "provider[\"registry.terraform.io/yandex-cloud/yandex\"]",
      "instances": [
        {
          "schema_version": 1,
          "attributes": {
            "allow_recreate": null,
            "allow_stopping_for_update": true,
            "boot_disk": [
              {
                "auto_delete": true,
                "device_name": "fhmdeng64bg13urihdt0",
                "disk_id": "fhmdeng64bg13urihdt0",
                "initialize_params": [
                  {
                    "block_size": 4096,
                    "description": "",
                    "image_id": "fd8snjpoq85qqv0mk9gi",
                    "name": "",
                    "size": 5,
                    "snapshot_id": "",
                    "type": "network-hdd"
                  }
                ],
                "mode": "READ_WRITE"
              }
            ],
            "created_at": "2023-03-15T10:06:55Z",
            "description": "",
            "filesystem": [],
            "folder_id": "b1grr0bjmdb82334mvat",
            "fqdn": "fhmel5jhmuio16qebusn.auto.internal",
            "hostname": "",
            "id": "fhmel5jhmuio16qebusn",
            "labels": null,
            "local_disk": [],
            "metadata": {
              "ssh-keys": "ubuntu:ssh-ed25519 AAAAC3NzaC1lZDI1NTE5AAAAINa6VcgBg3SVFc/v+DLoI0p+LWMLH1frZszz4C2tVRw9 alex@debian\n",
              "user-script": "ubuntu:#!/bin/bash -xe\nsudo apt update -y\nsudo apt install nginx -y\nsystemctl start nginx\n# exec \u003e \u003e(tee /var/log/user-data.log|logger -t user-data -s 2\u003e/dev/console) 2\u003e\u00261\n# cd /home/ubuntu/\n# git clone https://gitlab.com/entsupml/skillbox-deploy-blue-green\n# curl -sS https://dl.yarnpkg.com/debian/pubkey.gpg | sudo apt-key add -\n# echo \"deb https://dl.yarnpkg.com/debian/ stable main\" | sudo tee /etc/apt/sources.list.d/yarn.list\n# sudo apt update -y \u0026\u0026 sudo apt install yarn -y\n# cd /home/ubuntu/skillbox-deploy-blue-green/\n# sudo apt install nodejs -y\n# sudo apt install npm -y\n# npm install\n# # We can get the IP address of instance\n# myip=`curl http://169.254.169.254/latest/meta-data/local-ipv4`\n# npm install pm2 -g\n# export PORT=80\n# sed -i 's|Test of revert|'$myip'|g' src/App.js\n# yarn start \u0026"
            },
            "metadata_options": [
              {
                "aws_v1_http_endpoint": 1,
                "aws_v1_http_token": 2,
                "gce_http_endpoint": 1,
                "gce_http_token": 1
              }
            ],
            "name": "nginx-server",
            "network_acceleration_type": "standard",
            "network_interface": [
              {
                "dns_record": [],
                "index": 0,
                "ip_address": "192.168.10.16",
                "ipv4": true,
                "ipv6": false,
                "ipv6_address": "",
                "ipv6_dns_record": [],
                "mac_address": "d0:0d:ea:96:71:b7",
                "nat": true,
                "nat_dns_record": [],
                "nat_ip_address": "158.160.54.218",
                "nat_ip_version": "IPV4",
                "security_group_ids": [],
                "subnet_id": "e9bap0ssps4qt4ehoi4h"
              }
            ],
            "placement_policy": [
              {
                "host_affinity_rules": [],
                "placement_group_id": ""
              }
            ],
            "platform_id": "standard-v2",
            "resources": [
              {
                "core_fraction": 100,
                "cores": 2,
                "gpus": 0,
                "memory": 2
              }
            ],
            "scheduling_policy": [
              {
                "preemptible": false
              }
            ],
            "secondary_disk": [],
            "service_account_id": "",
            "status": "running",
            "timeouts": null,
            "zone": "ru-central1-a"
          },
          "sensitive_attributes": [],
          "private": "eyJlMmJmYjczMC1lY2FhLTExZTYtOGY4OC0zNDM2M2JjN2M0YzAiOnsiY3JlYXRlIjozMDAwMDAwMDAwMDAsImRlbGV0ZSI6MzAwMDAwMDAwMDAwLCJ1cGRhdGUiOjMwMDAwMDAwMDAwMH0sInNjaGVtYV92ZXJzaW9uIjoiMSJ9",
          "dependencies": [
            "data.yandex_compute_image.my-ubuntu-2004-1",
            "yandex_vpc_network.network-1",
            "yandex_vpc_subnet.subnet-1"
          ]
        }
      ]
    },
    {
      "mode": "managed",
      "type": "yandex_compute_instance",
      "name": "react_js",
      "provider": "provider[\"registry.terraform.io/yandex-cloud/yandex\"]",
      "instances": [
        {
          "schema_version": 1,
          "attributes": {
            "allow_recreate": null,
            "allow_stopping_for_update": true,
            "boot_disk": [
              {
                "auto_delete": true,
                "device_name": "fhmhhe388j4a2g5a7h6i",
                "disk_id": "fhmhhe388j4a2g5a7h6i",
                "initialize_params": [
                  {
                    "block_size": 4096,
                    "description": "",
                    "image_id": "fd8snjpoq85qqv0mk9gi",
                    "name": "",
                    "size": 5,
                    "snapshot_id": "",
                    "type": "network-hdd"
                  }
                ],
                "mode": "READ_WRITE"
              }
            ],
            "created_at": "2023-03-15T10:06:55Z",
            "description": "",
            "filesystem": [],
            "folder_id": "b1grr0bjmdb82334mvat",
            "fqdn": "fhmhlbs5gnvhrgb9jhru.auto.internal",
            "hostname": "",
            "id": "fhmhlbs5gnvhrgb9jhru",
            "labels": null,
            "local_disk": [],
            "metadata": {
              "ssh-keys": "ubuntu:ssh-ed25519 AAAAC3NzaC1lZDI1NTE5AAAAINa6VcgBg3SVFc/v+DLoI0p+LWMLH1frZszz4C2tVRw9 alex@debian\n",
              "user-script": "ubuntu:#!/bin/bash -xe\nsudo apt update -y\nsudo apt install nginx -y\nsystemctl start nginx\n# exec \u003e \u003e(tee /var/log/user-data.log|logger -t user-data -s 2\u003e/dev/console) 2\u003e\u00261\n# cd /home/ubuntu/\n# git clone https://gitlab.com/entsupml/skillbox-deploy-blue-green\n# curl -sS https://dl.yarnpkg.com/debian/pubkey.gpg | sudo apt-key add -\n# echo \"deb https://dl.yarnpkg.com/debian/ stable main\" | sudo tee /etc/apt/sources.list.d/yarn.list\n# sudo apt update -y \u0026\u0026 sudo apt install yarn -y\n# cd /home/ubuntu/skillbox-deploy-blue-green/\n# sudo apt install nodejs -y\n# sudo apt install npm -y\n# npm install\n# # We can get the IP address of instance\n# myip=`curl http://169.254.169.254/latest/meta-data/local-ipv4`\n# npm install pm2 -g\n# export PORT=80\n# sed -i 's|Test of revert|'$myip'|g' src/App.js\n# yarn start \u0026"
            },
            "metadata_options": [
              {
                "aws_v1_http_endpoint": 1,
                "aws_v1_http_token": 2,
                "gce_http_endpoint": 1,
                "gce_http_token": 1
              }
            ],
            "name": "reactjs",
            "network_acceleration_type": "standard",
            "network_interface": [
              {
                "dns_record": [],
                "index": 0,
                "ip_address": "192.168.10.5",
                "ipv4": true,
                "ipv6": false,
                "ipv6_address": "",
                "ipv6_dns_record": [],
                "mac_address": "d0:0d:11:aa:f8:58",
                "nat": true,
                "nat_dns_record": [],
                "nat_ip_address": "158.160.52.143",
                "nat_ip_version": "IPV4",
                "security_group_ids": [],
                "subnet_id": "e9bap0ssps4qt4ehoi4h"
              }
            ],
            "placement_policy": [
              {
                "host_affinity_rules": [],
                "placement_group_id": ""
              }
            ],
            "platform_id": "standard-v2",
            "resources": [
              {
                "core_fraction": 100,
                "cores": 2,
                "gpus": 0,
                "memory": 2
              }
            ],
            "scheduling_policy": [
              {
                "preemptible": false
              }
            ],
            "secondary_disk": [],
            "service_account_id": "",
            "status": "running",
            "timeouts": null,
            "zone": "ru-central1-a"
          },
          "sensitive_attributes": [],
          "private": "eyJlMmJmYjczMC1lY2FhLTExZTYtOGY4OC0zNDM2M2JjN2M0YzAiOnsiY3JlYXRlIjozMDAwMDAwMDAwMDAsImRlbGV0ZSI6MzAwMDAwMDAwMDAwLCJ1cGRhdGUiOjMwMDAwMDAwMDAwMH0sInNjaGVtYV92ZXJzaW9uIjoiMSJ9",
          "dependencies": [
            "data.yandex_compute_image.my-ubuntu-2004-1",
            "yandex_vpc_network.network-1",
            "yandex_vpc_subnet.subnet-1"
          ]
        }
      ]
    },
    {
      "mode": "managed",
      "type": "yandex_iam_service_account",
      "name": "my_service",
      "provider": "provider[\"registry.terraform.io/yandex-cloud/yandex\"]",
      "instances": [
        {
          "schema_version": 0,
          "attributes": {
            "created_at": "2023-03-15T10:06:54Z",
            "description": "service account to manage IG",
            "folder_id": "b1grr0bjmdb82334mvat",
            "id": "aje2896odfpbm8eh75gq",
            "name": "my-service",
            "timeouts": null
          },
          "sensitive_attributes": [],
          "private": "eyJlMmJmYjczMC1lY2FhLTExZTYtOGY4OC0zNDM2M2JjN2M0YzAiOnsiY3JlYXRlIjo2MDAwMDAwMDAwMCwiZGVsZXRlIjo2MDAwMDAwMDAwMCwidXBkYXRlIjo2MDAwMDAwMDAwMH19"
        }
      ]
    },
    {
      "mode": "managed",
      "type": "yandex_lb_network_load_balancer",
      "name": "test-lb",
      "provider": "provider[\"registry.terraform.io/yandex-cloud/yandex\"]",
      "instances": [
        {
          "schema_version": 0,
          "attributes": {
            "attached_target_group": [
              {
                "healthcheck": [
                  {
                    "healthy_threshold": 2,
                    "http_options": [
                      {
                        "path": "/",
                        "port": 80
                      }
                    ],
                    "interval": 2,
                    "name": "http",
                    "tcp_options": [],
                    "timeout": 1,
                    "unhealthy_threshold": 2
                  }
                ],
                "target_group_id": "enpoqg0csbcrp0f9cu7h"
              }
            ],
            "created_at": "2023-03-15T10:07:28Z",
            "description": "",
            "folder_id": "b1grr0bjmdb82334mvat",
            "id": "enptplnvea7h4f9eqovb",
            "labels": null,
            "listener": [
              {
                "external_address_spec": [
                  {
                    "address": "84.201.147.164",
                    "ip_version": "ipv4"
                  }
                ],
                "internal_address_spec": [],
                "name": "listener-web-servers",
                "port": 80,
                "protocol": "tcp",
                "target_port": 80
              }
            ],
            "name": "test-lb",
            "region_id": "ru-central1",
            "timeouts": null,
            "type": "external"
          },
          "sensitive_attributes": [],
          "private": "eyJlMmJmYjczMC1lY2FhLTExZTYtOGY4OC0zNDM2M2JjN2M0YzAiOnsiY3JlYXRlIjozMDAwMDAwMDAwMDAsImRlbGV0ZSI6MzAwMDAwMDAwMDAwLCJ1cGRhdGUiOjMwMDAwMDAwMDAwMH19",
          "dependencies": [
            "data.yandex_compute_image.my-ubuntu-2004-1",
            "yandex_compute_instance.nginx_server",
            "yandex_compute_instance.react_js",
            "yandex_lb_target_group.web-servers",
            "yandex_vpc_network.network-1",
            "yandex_vpc_subnet.subnet-1"
          ]
        }
      ]
    },
    {
      "mode": "managed",
      "type": "yandex_lb_target_group",
      "name": "web-servers",
      "provider": "provider[\"registry.terraform.io/yandex-cloud/yandex\"]",
      "instances": [
        {
          "schema_version": 0,
          "attributes": {
            "created_at": "2023-03-15T10:07:26Z",
            "description": "",
            "folder_id": "b1grr0bjmdb82334mvat",
            "id": "enpoqg0csbcrp0f9cu7h",
            "labels": null,
            "name": "web-servers-target-group",
            "region_id": "ru-central1",
            "target": [
              {
                "address": "192.168.10.16",
                "subnet_id": "e9bap0ssps4qt4ehoi4h"
              },
              {
                "address": "192.168.10.5",
                "subnet_id": "e9bap0ssps4qt4ehoi4h"
              }
            ],
            "timeouts": null
          },
          "sensitive_attributes": [],
          "private": "eyJlMmJmYjczMC1lY2FhLTExZTYtOGY4OC0zNDM2M2JjN2M0YzAiOnsiY3JlYXRlIjozMDAwMDAwMDAwMDAsImRlbGV0ZSI6MzAwMDAwMDAwMDAwLCJ1cGRhdGUiOjMwMDAwMDAwMDAwMH19",
          "dependencies": [
            "data.yandex_compute_image.my-ubuntu-2004-1",
            "yandex_compute_instance.nginx_server",
            "yandex_compute_instance.react_js",
            "yandex_vpc_network.network-1",
            "yandex_vpc_subnet.subnet-1"
          ]
        }
      ]
    },
    {
      "mode": "managed",
      "type": "yandex_resourcemanager_folder_iam_binding",
      "name": "editor",
      "provider": "provider[\"registry.terraform.io/yandex-cloud/yandex\"]",
      "instances": [
        {
          "schema_version": 0,
          "attributes": {
            "folder_id": "b1grr0bjmdb82334mvat",
            "id": "b1grr0bjmdb82334mvat/editor",
            "members": [
              "serviceAccount:aje2896odfpbm8eh75gq"
            ],
            "role": "editor",
            "sleep_after": null
          },
          "sensitive_attributes": [],
          "private": "bnVsbA==",
          "dependencies": [
            "yandex_iam_service_account.my_service"
          ]
        }
      ]
    },
    {
      "mode": "managed",
      "type": "yandex_vpc_address",
      "name": "addr",
      "provider": "provider[\"registry.terraform.io/yandex-cloud/yandex\"]",
      "instances": [
        {
          "schema_version": 0,
          "attributes": {
            "created_at": "2023-03-15T10:06:53Z",
            "description": "",
            "external_ipv4_address": [
              {
                "address": "158.160.59.82",
                "ddos_protection_provider": "",
                "outgoing_smtp_capability": "",
                "zone_id": "ru-central1-a"
              }
            ],
            "folder_id": "b1grr0bjmdb82334mvat",
            "id": "e9b49e0cltpd1kum9090",
            "labels": {},
            "name": "test_public_ip",
            "reserved": true,
            "timeouts": null,
            "used": false
          },
          "sensitive_attributes": [],
          "private": "eyJlMmJmYjczMC1lY2FhLTExZTYtOGY4OC0zNDM2M2JjN2M0YzAiOnsiY3JlYXRlIjozMDAwMDAwMDAwMCwiZGVsZXRlIjozMDAwMDAwMDAwMCwidXBkYXRlIjozMDAwMDAwMDAwMH19"
        }
      ]
    },
    {
      "mode": "managed",
      "type": "yandex_vpc_network",
      "name": "network-1",
      "provider": "provider[\"registry.terraform.io/yandex-cloud/yandex\"]",
      "instances": [
        {
          "schema_version": 0,
          "attributes": {
            "created_at": "2023-03-15T10:06:53Z",
            "default_security_group_id": "",
            "description": "",
            "folder_id": "b1grr0bjmdb82334mvat",
            "id": "enp01ubjfquub16ra98v",
            "labels": {},
            "name": "network1",
            "subnet_ids": [],
            "timeouts": null
          },
          "sensitive_attributes": [],
          "private": "eyJlMmJmYjczMC1lY2FhLTExZTYtOGY4OC0zNDM2M2JjN2M0YzAiOnsiY3JlYXRlIjo2MDAwMDAwMDAwMCwiZGVsZXRlIjo2MDAwMDAwMDAwMCwidXBkYXRlIjo2MDAwMDAwMDAwMH19"
        }
      ]
    },
    {
      "mode": "managed",
      "type": "yandex_vpc_subnet",
      "name": "subnet-1",
      "provider": "provider[\"registry.terraform.io/yandex-cloud/yandex\"]",
      "instances": [
        {
          "schema_version": 0,
          "attributes": {
            "created_at": "2023-03-15T10:06:54Z",
            "description": "",
            "dhcp_options": [],
            "folder_id": "b1grr0bjmdb82334mvat",
            "id": "e9bap0ssps4qt4ehoi4h",
            "labels": {},
            "name": "subnet1",
            "network_id": "enp01ubjfquub16ra98v",
            "route_table_id": "",
            "timeouts": null,
            "v4_cidr_blocks": [
              "192.168.10.0/24"
            ],
            "v6_cidr_blocks": [],
            "zone": "ru-central1-a"
          },
          "sensitive_attributes": [],
          "private": "eyJlMmJmYjczMC1lY2FhLTExZTYtOGY4OC0zNDM2M2JjN2M0YzAiOnsiY3JlYXRlIjoxODAwMDAwMDAwMDAsImRlbGV0ZSI6MTgwMDAwMDAwMDAwLCJ1cGRhdGUiOjE4MDAwMDAwMDAwMH19",
          "dependencies": [
            "yandex_vpc_network.network-1"
          ]
        }
      ]
    }
  ],
  "check_results": null
}
